
Microsoft Visual Studio Solution File, Format Version 12.00
# Visual Studio Version 17
VisualStudioVersion = 17.14.36623.8 d17.14
MinimumVisualStudioVersion = 10.0.40219.1
Project("{8BC9CEB8-8B4A-11D0-8D11-00A0C91BC942}") = "SmokeGame-LudumDare", "SmokeGame-LudumDare\SmokeGame-LudumDare.vcxproj", "{80F3A29E-CCFD-4853-A436-4EFB956B154F}"
EndProject
Project("{8BC9CEB8-8B4A-11D0-8D11-00A0C91BC942}") = "B engine", "B engine\B engine.vcxproj", "{B6F2703B-104C-47C6-8259-E20F1B23EC3D}"
EndProject
Global
	GlobalSection(SolutionConfigurationPlatforms) = preSolution
		Debug|x64 = Debug|x64
		Release|x64 = Release|x64
	EndGlobalSection
	GlobalSection(ProjectConfigurationPlatforms) = postSolution
		{80F3A29E-CCFD-4853-A436-4EFB956B154F}.Debug|x64.ActiveCfg = Debug|x64
		{80F3A29E-CCFD-4853-A436-4EFB956B154F}.Debug|x64.Build.0 = Debug|x64
		{80F3A29E-CCFD-4853-A436-4EFB956B154F}.Release|x64.ActiveCfg = Release|x64
		{80F3A29E-CCFD-4853-A436-4EFB956B154F}.Release|x64.Build.0 = Release|x64
		{B6F2703B-104C-47C6-8259-E20F1B23EC3D}.Debug|x64.ActiveCfg = Debug|x64
		{B6F2703B-104C-47C6-8259-E20F1B23EC3D}.Debug|x64.Build.0 = Debug|x64
		{B6F2703B-104C-47C6-8259-E20F1B23EC3D}.Release|x64.ActiveCfg = Release|x64
		{B6F2703B-104C-47C6-8259-E20F1B23EC3D}.Release|x64.Build.0 = Release|x64
	EndGlobalSection
	GlobalSection(SolutionProperties) = preSolution
		HideSolutionNode = FALSE
	EndGlobalSection
	GlobalSection(ExtensibilityGlobals) = postSolution
		SolutionGuid = {42FE53C2-D047-48D9-901D-2F999B33E6C8}
	EndGlobalSection
EndGlobal
