<?xml version="1.0" encoding="utf-8"?>
<Project ToolsVersion="4.0" xmlns="http://schemas.microsoft.com/developer/msbuild/2003">
  <ItemGroup>
    <ClCompile Include="src\main.cpp">
      <Filter>Source</Filter>
    </ClCompile>
    <ClCompile Include="src\prefabs\background_prefab.cpp">
      <Filter>Source\Prefab</Filter>
    </ClCompile>
    <ClCompile Include="src\scripts\background_script.cpp">
      <Filter>Source\Script</Filter>
    </ClCompile>
    <ClCompile Include="src\prefabs\brother_prefab.cpp">
      <Filter>Source\Prefab</Filter>
    </ClCompile>
    <ClCompile Include="src\scripts\brother_script.cpp">
      <Filter>Source\Script</Filter>
    </ClCompile>
    <ClCompile Include="src\prefabs\button_prefab.cpp">
      <Filter>Source\Prefab</Filter>
    </ClCompile>
    <ClCompile Include="src\scripts\button_script.cpp">
      <Filter>Source\Script</Filter>
    </ClCompile>
    <ClCompile Include="src\prefabs\grid_prefab.cpp">
      <Filter>Source\Prefab</Filter>
    </ClCompile>
    <ClCompile Include="src\prefabs\player_prefab.cpp">
      <Filter>Source\Prefab</Filter>
    </ClCompile>
    <ClCompile Include="src\prefabs\obstacle_prefab.cpp">
      <Filter>Source\Prefab</Filter>
    </ClCompile>
    <ClCompile Include="src\prefabs\level_ui_prefab.cpp">
      <Filter>Source\Prefab</Filter>
    </ClCompile>
    <ClCompile Include="src\prefabs\level_prefab.cpp">
      <Filter>Source\Prefab</Filter>
    </ClCompile>
    <ClCompile Include="src\scenes\credits.cpp">
      <Filter>Source\Scene</Filter>
    </ClCompile>
    <ClCompile Include="src\prefabs\cursor_prefab.cpp">
      <Filter>Source\Prefab</Filter>
    </ClCompile>
    <ClCompile Include="src\game.cpp">
      <Filter>Source\Game</Filter>
    </ClCompile>
    <ClCompile Include="src\scripts\ui_inventory_script.cpp">
      <Filter>Source\Script</Filter>
    </ClCompile>
    <ClCompile Include="src\scripts\game_manager_script.cpp">
      <Filter>Source\Script</Filter>
    </ClCompile>
    <ClCompile Include="src\scripts\grid_script.cpp">
      <Filter>Source\Script</Filter>
    </ClCompile>
    <ClCompile Include="src\scripts\mouse_script.cpp">
      <Filter>Source\Script</Filter>
    </ClCompile>
    <ClCompile Include="src\scripts\obstacle_script.cpp">
      <Filter>Source\Script</Filter>
    </ClCompile>
    <ClCompile Include="src\scenes\main_menu_scene.cpp">
      <Filter>Source\Scene</Filter>
    </ClCompile>
    <ClCompile Include="src\scenes\level_one.cpp">
      <Filter>Source\Scene</Filter>
    </ClCompile>
    <ClCompile Include="src\events\hit_player.cpp">
      <Filter>Source\Event</Filter>
    </ClCompile>
    <ClCompile Include="src\scripts\props_setter.cpp" />
    <ClCompile Include="src\scripts\props_setter.cpp">
      <Filter>Source\Prefab</Filter>
    </ClCompile>
    <ClCompile Include="src\instantRes\floor1_prefab.cpp">
      <Filter>Source\InstantRes</Filter>
    </ClCompile>
    <ClCompile Include="src\instantRes\floor3_prefab.cpp">
      <Filter>Source\InstantRes</Filter>
    </ClCompile>
    <ClCompile Include="src\instantRes\floor4_prefab.cpp">
      <Filter>Source\InstantRes</Filter>
    </ClCompile>
    <ClCompile Include="src\instantRes\floor2_prefab.cpp">
      <Filter>Source\InstantRes</Filter>
    </ClCompile>
  </ItemGroup>
  <ItemGroup>
    <ClInclude Include="src\events\action_queue_event.h" />
    <ClInclude Include="src\events\hit_player.h" />
    <ClInclude Include="src\events\move_event.h" />
    <ClInclude Include="src\game.h" />
    <ClInclude Include="src\prefabs\background_prefab.h" />
    <ClInclude Include="src\prefabs\brother_prefab.h" />
    <ClInclude Include="src\prefabs\button_prefab.h" />
    <ClInclude Include="src\prefabs\cursor_prefab.h" />
    <ClInclude Include="src\prefabs\grid_prefab.h" />
    <ClInclude Include="src\prefabs\level_prefab.h" />
    <ClInclude Include="src\prefabs\level_ui_prefab.h" />
    <ClInclude Include="src\prefabs\player_prefab.h" />
    <ClInclude Include="src\scenes\level_one.h" />
    <ClInclude Include="src\scenes\main_menu_scene.h" />
    <ClInclude Include="src\scripts\background_script.h" />
    <ClInclude Include="src\scripts\brother_script.h" />
    <ClInclude Include="src\scripts\button_script.h" />
    <ClInclude Include="src\scripts\game_manager_script.h" />
    <ClInclude Include="src\scripts\grid_script.h" />
    <ClInclude Include="src\scripts\mouse_script.h" />
    <ClInclude Include="src\scripts\obstacle_script.h" />
    <ClInclude Include="src\smokes.h" />
    <ClInclude Include="src\prefabs\obstacle_prefab.h" />
    <ClInclude Include="src\game.h">
      <Filter>Source\Game</Filter>
    </ClInclude>
    <ClInclude Include="src\scripts\background_script.h">
      <Filter>Source\Script</Filter>
    </ClInclude>
    <ClInclude Include="src\prefabs\brother_prefab.h">
      <Filter>Source\Prefab</Filter>
    </ClInclude>
    <ClInclude Include="src\scripts\brother_script.h">
      <Filter>Source\Script</Filter>
    </ClInclude>
    <ClInclude Include="src\prefabs\button_prefab.h">
      <Filter>Source\Prefab</Filter>
    </ClInclude>
    <ClInclude Include="src\scripts\button_script.h">
      <Filter>Source\Script</Filter>
    </ClInclude>
    <ClInclude Include="src\prefabs\grid_prefab.h">
      <Filter>Source\Prefab</Filter>
    </ClInclude>
    <ClInclude Include="src\prefabs\player_prefab.h">
      <Filter>Source\Prefab</Filter>
    </ClInclude>
    <ClInclude Include="src\prefabs\obstacle_prefab.h">
      <Filter>Source\Prefab</Filter>
    </ClInclude>
    <ClInclude Include="src\prefabs\level_ui_prefab.h">
      <Filter>Source\Prefab</Filter>
    </ClInclude>
    <ClInclude Include="src\prefabs\level_prefab.h">
      <Filter>Source\Prefab</Filter>
    </ClInclude>
    <ClInclude Include="src\scenes\credits.h">
      <Filter>Source\Scene</Filter>
    </ClInclude>
    <ClInclude Include="src\prefabs\cursor_prefab.h">
      <Filter>Source\Prefab</Filter>
    </ClInclude>
    <ClInclude Include="src\game.h">
      <Filter>Source\Game</Filter>
    </ClInclude>
    <ClInclude Include="src\scripts\ui_inventory_script.h">
      <Filter>Source\Script</Filter>
    </ClInclude>
    <ClInclude Include="src\scripts\game_manager_script.h">
      <Filter>Source\Script</Filter>
    </ClInclude>
    <ClInclude Include="src\scripts\grid_script.h">
      <Filter>Source\Script</Filter>
    </ClInclude>
    <ClInclude Include="src\scripts\mouse_script.h">
      <Filter>Source\Script</Filter>
    </ClInclude>
    <ClInclude Include="src\scripts\obstacle_script.h">
      <Filter>Source\Script</Filter>
    </ClInclude>
    <ClInclude Include="src\scenes\main_menu_scene.h">
      <Filter>Source\Scene</Filter>
    </ClInclude>
    <ClInclude Include="src\scenes\level_one.h">
      <Filter>Source\Scene</Filter>
    </ClInclude>
    <ClInclude Include="src\events\hit_player.h">
      <Filter>Source\Event</Filter>
    </ClInclude>
    <ClInclude Include="src\events\move_event.h">
      <Filter>Source\Event</Filter>
    </ClInclude>
    <ClInclude Include="src\scripts\props_setter.h">
      <Filter>Source\Script</Filter>
    </ClInclude>
    <ClInclude Include="src\events\action_queue_event.h">
      <Filter>Source\Event</Filter>
    </ClInclude>
    <ClInclude Include="src\scenes\credits.h" />
    <ClInclude Include="src\scripts\props_setter.h" />
    <ClInclude Include="src\instantRes\floor1_prefab.h">
      <Filter>Source\InstantRes</Filter>
    </ClInclude>
    <ClInclude Include="src\instantRes\floor3_prefab.h">
      <Filter>Source\InstantRes</Filter>
    </ClInclude>
    <ClInclude Include="src\instantRes\floor4_prefab.h">
      <Filter>Source\InstantRes</Filter>
    </ClInclude>
    <ClInclude Include="src\instantRes\floor2_prefab.h">
      <Filter>Source\InstantRes</Filter>
    </ClInclude>
  </ItemGroup>
  <ItemGroup>
    <Filter Include="Source">
      <UniqueIdentifier>{cd7abf83-b25a-4ee4-998a-60f7b8e1cfeb}</UniqueIdentifier>
    </Filter>
    <Filter Include="Source\Event">
      <UniqueIdentifier>{3d6d02a4-3815-4f26-8b82-6ad40521f29a}</UniqueIdentifier>
    </Filter>
    <Filter Include="Source\Prefab">
      <UniqueIdentifier>{5ce61f4d-819a-4dcf-a0cc-39fd6a710221}</UniqueIdentifier>
    </Filter>
    <Filter Include="Source\Scene">
      <UniqueIdentifier>{30b5777b-d057-4407-be08-32b29ddeb331}</UniqueIdentifier>
    </Filter>
    <Filter Include="Source\Script">
      <UniqueIdentifier>{feb6c352-b504-487d-8505-ec958f1b8831}</UniqueIdentifier>
    </Filter>
    <Filter Include="Source\Game">
      <UniqueIdentifier>{cd2703f5-6e7b-4137-8dbe-d1b251c1e576}</UniqueIdentifier>
    </Filter>
    <Filter Include="Source\InstantRes">
      <UniqueIdentifier>{7e6d7ec7-d689-4c43-acba-eab397f1ccac}</UniqueIdentifier>
    </Filter>
  </ItemGroup>
</Project>