<?xml version="1.0" encoding="utf-8"?>
<Project ToolsVersion="4.0" xmlns="http://schemas.microsoft.com/developer/msbuild/2003">
  <ItemGroup>
    <Filter Include="Source Files">
      <UniqueIdentifier>{4FC737F1-C7A5-4376-A066-2A32D752A2FF}</UniqueIdentifier>
      <Extensions>cpp;c;cc;cxx;c++;cppm;ixx;def;odl;idl;hpj;bat;asm;asmx</Extensions>
    </Filter>
    <Filter Include="Source Files\Components">
      <UniqueIdentifier>{76d6fc28-6377-4308-923c-c3340d6effcc}</UniqueIdentifier>
    </Filter>
    <Filter Include="Source Files\Renderers">
      <UniqueIdentifier>{c2450e5b-d60a-44db-b6e2-e0ec8c16de04}</UniqueIdentifier>
    </Filter>
    <Filter Include="Source Files\Renderers\Raylib">
      <UniqueIdentifier>{e94559bb-472f-4ec4-9aff-f3231eb42be9}</UniqueIdentifier>
    </Filter>
    <Filter Include="Source Files\Nodes">
      <UniqueIdentifier>{93e02206-b036-47f9-844a-8adefd4d3567}</UniqueIdentifier>
    </Filter>
    <Filter Include="Source Files\Math">
      <UniqueIdentifier>{d9c212b1-b745-4892-9d74-c490ed5466a6}</UniqueIdentifier>
    </Filter>
    <Filter Include="Source Files\Input">
      <UniqueIdentifier>{5b4f8ae0-e14c-42c2-8ca4-25bc903e6e40}</UniqueIdentifier>
    </Filter>
    <Filter Include="Source Files\Input\Raylib">
      <UniqueIdentifier>{8da0f08e-9807-4c1a-b566-98f966df2107}</UniqueIdentifier>
    </Filter>
    <Filter Include="Source Files\Events">
      <UniqueIdentifier>{7fb55608-9f3d-4bf7-8acc-7b2750ce2e8e}</UniqueIdentifier>
    </Filter>
    <Filter Include="Source Files\Application">
      <UniqueIdentifier>{67c7c8dd-32c7-419a-b954-d6adfda104e3}</UniqueIdentifier>
    </Filter>
    <Filter Include="Source Files\Resources">
      <UniqueIdentifier>{542a1801-c049-4c41-9354-1e4c4066baad}</UniqueIdentifier>
    </Filter>
    <Filter Include="Source Files\Window">
      <UniqueIdentifier>{02731ed8-50a9-4387-aeb3-f25abfd3376e}</UniqueIdentifier>
    </Filter>
    <Filter Include="Source Files\Window\Raylib">
      <UniqueIdentifier>{a0b1ff93-3d29-4e51-a07a-dcdb5135e0ff}</UniqueIdentifier>
    </Filter>
    <Filter Include="Source Files\Physics">
      <UniqueIdentifier>{83be83f5-1e7f-4cc4-8047-8398430abd5f}</UniqueIdentifier>
    </Filter>
    <Filter Include="Source Files\Scripts">
      <UniqueIdentifier>{c6f28658-1727-4759-a601-4fb3d88bac00}</UniqueIdentifier>
    </Filter>
    <Filter Include="Source Files\Fonts">
      <UniqueIdentifier>{927a8ae6-31ad-4fd3-a125-4d94b2cb13b1}</UniqueIdentifier>
    </Filter>
    <Filter Include="Source Files\Time">
      <UniqueIdentifier>{478047a9-2413-4070-8d1e-f892946ec331}</UniqueIdentifier>
    </Filter>
    <Filter Include="Source Files\Debug">
      <UniqueIdentifier>{0d12c7cc-145b-4024-9adb-fc9bd56496ee}</UniqueIdentifier>
    </Filter>
    <Filter Include="Source Files\Audio">
      <UniqueIdentifier>{2aa544e4-73d4-446c-b53b-4fe0b6dd40ec}</UniqueIdentifier>
    </Filter>
    <Filter Include="Source Files\Audio\Raylib">
      <UniqueIdentifier>{592b391c-d8e4-4f9b-830f-f708b36419eb}</UniqueIdentifier>
    </Filter>
    <Filter Include="Source Files\Scenes">
      <UniqueIdentifier>{42c4edec-bef9-41ed-8f32-15cbe38a3bd3}</UniqueIdentifier>
    </Filter>
  </ItemGroup>
  <ItemGroup>
    <ClCompile Include="src\main.cpp">
      <Filter>Source Files</Filter>
    </ClCompile>
    <ClCompile Include="src\core\node.cpp">
      <Filter>Source Files\Nodes</Filter>
    </ClCompile>
    <ClCompile Include="src\core\components\spriteComponent.cpp">
      <Filter>Source Files\Components</Filter>
    </ClCompile>
    <ClCompile Include="src\core\components\transformComponent.cpp">
      <Filter>Source Files\Components</Filter>
    </ClCompile>
    <ClCompile Include="src\input\raylibInput.cpp">
      <Filter>Source Files\Input\Raylib</Filter>
    </ClCompile>
    <ClCompile Include="src\core\components\playerMovementComponent.cpp">
      <Filter>Source Files\Components</Filter>
    </ClCompile>
    <ClCompile Include="src\core\application.cpp">
      <Filter>Source Files\Application</Filter>
    </ClCompile>
    <ClCompile Include="src\core\resourceManager.cpp">
      <Filter>Source Files\Resources</Filter>
    </ClCompile>
    <ClCompile Include="src\core\components\cameraComponent.cpp">
      <Filter>Source Files\Components</Filter>
    </ClCompile>
    <ClCompile Include="src\core\components\debugTrackingComponent.cpp">
      <Filter>Source Files\Components</Filter>
    </ClCompile>
    <ClCompile Include="src\core\components\uiAnchorComponent.cpp">
      <Filter>Source Files\Components</Filter>
    </ClCompile>
    <ClCompile Include="src\renderer\raylibRenderer.cpp">
      <Filter>Source Files\Renderers\Raylib</Filter>
    </ClCompile>
    <ClCompile Include="src\window\raylibWindow.cpp">
      <Filter>Source Files\Window\Raylib</Filter>
    </ClCompile>
    <ClCompile Include="src\core\components\component.cpp">
      <Filter>Source Files\Components</Filter>
    </ClCompile>
    <ClCompile Include="src\core\components\colliderComponent.cpp">
      <Filter>Source Files\Components</Filter>
    </ClCompile>
    <ClCompile Include="src\physics\physics.cpp">
      <Filter>Source Files\Physics</Filter>
    </ClCompile>
    <ClCompile Include="src\physics\physicsSystem.cpp">
      <Filter>Source Files\Physics</Filter>
    </ClCompile>
    <ClCompile Include="src\core\components\rigidBodyComponent.cpp">
      <Filter>Source Files\Components</Filter>
    </ClCompile>
    <ClCompile Include="src\core\components\physicsPlayerMovementComponent.cpp">
      <Filter>Source Files\Components</Filter>
    </ClCompile>
    <ClCompile Include="src\core\components\triggerAreaComponent.cpp">
      <Filter>Source Files\Components</Filter>
    </ClCompile>
    <ClCompile Include="src\core\components\scriptComponent.cpp">
      <Filter>Source Files\Components</Filter>
    </ClCompile>
    <ClCompile Include="src\core\font.cpp">
      <Filter>Source Files\Fonts</Filter>
    </ClCompile>
    <ClCompile Include="src\core\components\textComponent.cpp">
      <Filter>Source Files\Components</Filter>
    </ClCompile>
    <ClCompile Include="src\core\time.cpp">
      <Filter>Source Files\Time</Filter>
    </ClCompile>
    <ClCompile Include="src\core\memoryTracker.cpp">
      <Filter>Source Files\Debug</Filter>
    </ClCompile>
    <ClCompile Include="src\core\components\buttonComponent.cpp">
      <Filter>Source Files\Components</Filter>
    </ClCompile>
    <ClCompile Include="src\platform\rayLib\raylibAudio.cpp">
      <Filter>Source Files\Audio\Raylib</Filter>
    </ClCompile>
    <ClCompile Include="src\core\components\animatedSpriteComponent.cpp">
      <Filter>Source Files\Components</Filter>
    </ClCompile>
    <ClCompile Include="src\core\sceneBuilder.cpp">
      <Filter>Source Files\Application</Filter>
    </ClCompile>
    <ClCompile Include="src\core\components\audioComponent.cpp">
      <Filter>Source Files\Components</Filter>
    </ClCompile>
    <ClCompile Include="src\core\components\followComponent.cpp">
      <Filter>Source Files\Components</Filter>
    </ClCompile>
    <ClCompile Include="src\core\scenes\sceneManager.cpp">
      <Filter>Source Files\Scenes</Filter>
    </ClCompile>
  </ItemGroup>
  <ItemGroup>
    <ClInclude Include="src\core\types.h">
      <Filter>Source Files</Filter>
    </ClInclude>
    <ClInclude Include="src\renderer\IRenderer.h">
      <Filter>Source Files\Renderers</Filter>
    </ClInclude>
    <ClInclude Include="src\core\node.h">
      <Filter>Source Files\Nodes</Filter>
    </ClInclude>
    <ClInclude Include="src\core\component.h">
      <Filter>Source Files\Components</Filter>
    </ClInclude>
    <ClInclude Include="src\core\components\spriteComponent.h">
      <Filter>Source Files\Components</Filter>
    </ClInclude>
    <ClInclude Include="src\core\components\transformComponent.h">
      <Filter>Source Files\Components</Filter>
    </ClInclude>
    <ClInclude Include="src\core\math.h">
      <Filter>Source Files\Math</Filter>
    </ClInclude>
    <ClInclude Include="src\input\keyCodes.h">
      <Filter>Source Files\Input</Filter>
    </ClInclude>
    <ClInclude Include="src\input\IInput.h">
      <Filter>Source Files\Input</Filter>
    </ClInclude>
    <ClInclude Include="src\input\raylibInput.h">
      <Filter>Source Files\Input\Raylib</Filter>
    </ClInclude>
    <ClInclude Include="src\core\components\playerMovementComponent.h">
      <Filter>Source Files\Components</Filter>
    </ClInclude>
    <ClInclude Include="src\core\events\event.h">
      <Filter>Source Files\Events</Filter>
    </ClInclude>
    <ClInclude Include="src\core\events\applicationEvents.h">
      <Filter>Source Files\Events</Filter>
    </ClInclude>
    <ClInclude Include="src\core\events\eventBus.h">
      <Filter>Source Files\Events</Filter>
    </ClInclude>
    <ClInclude Include="src\core\application.h">
      <Filter>Source Files\Application</Filter>
    </ClInclude>
    <ClInclude Include="src\core\events\gameEvents.h">
      <Filter>Source Files\Events</Filter>
    </ClInclude>
    <ClInclude Include="src\core\resourceManager.h">
      <Filter>Source Files\Resources</Filter>
    </ClInclude>
    <ClInclude Include="src\core\components\cameraComponent.h">
      <Filter>Source Files\Components</Filter>
    </ClInclude>
    <ClInclude Include="src\core\components\debugTrackingComponent.h">
      <Filter>Source Files\Components</Filter>
    </ClInclude>
    <ClInclude Include="src\core\components\uiAnchorComponent.h">
      <Filter>Source Files\Components</Filter>
    </ClInclude>
    <ClInclude Include="src\renderer\raylibRenderer.h">
      <Filter>Source Files\Renderers\Raylib</Filter>
    </ClInclude>
    <ClInclude Include="src\core\IWindow.h">
      <Filter>Source Files\Window</Filter>
    </ClInclude>
    <ClInclude Include="src\window\raylibWindow.h">
      <Filter>Source Files\Window\Raylib</Filter>
    </ClInclude>
    <ClInclude Include="src\core\components\colliderComponent.h">
      <Filter>Source Files\Components</Filter>
    </ClInclude>
    <ClInclude Include="src\physics\physics.h">
      <Filter>Source Files\Physics</Filter>
    </ClInclude>
    <ClInclude Include="src\physics\physicsSystem.h">
      <Filter>Source Files\Physics</Filter>
    </ClInclude>
    <ClInclude Include="src\core\components\rigidBodyComponent.h">
      <Filter>Source Files\Components</Filter>
    </ClInclude>
    <ClInclude Include="src\core\components\physicsPlayerMovementComponent.h">
      <Filter>Source Files\Components</Filter>
    </ClInclude>
    <ClInclude Include="src\physics\ICollisionListener.h">
      <Filter>Source Files\Physics</Filter>
    </ClInclude>
    <ClInclude Include="src\core\components\triggerAreaComponent.h">
      <Filter>Source Files\Components</Filter>
    </ClInclude>
    <ClInclude Include="src\core\scripts\script.h">
      <Filter>Source Files\Scripts</Filter>
    </ClInclude>
    <ClInclude Include="src\core\components\scriptComponent.h">
      <Filter>Source Files\Components</Filter>
    </ClInclude>
    <ClInclude Include="src\core\font.h">
      <Filter>Source Files\Fonts</Filter>
    </ClInclude>
    <ClInclude Include="src\core\components\textComponent.h">
      <Filter>Source Files\Components</Filter>
    </ClInclude>
    <ClInclude Include="src\core\time.h">
      <Filter>Source Files\Time</Filter>
    </ClInclude>
    <ClInclude Include="src\core\components\buttonComponent.h">
      <Filter>Source Files\Components</Filter>
    </ClInclude>
    <ClInclude Include="src\core\events\inputEvents.h">
      <Filter>Source Files\Events</Filter>
    </ClInclude>
    <ClInclude Include="src\core\memoryTracker.h">
      <Filter>Source Files\Debug</Filter>
    </ClInclude>
    <ClInclude Include="src\core\IAudio.h">
      <Filter>Source Files\Audio</Filter>
    </ClInclude>
    <ClInclude Include="src\platform\rayLib\raylibAudio.h">
      <Filter>Source Files\Audio\Raylib</Filter>
    </ClInclude>
    <ClInclude Include="src\core\events\audioEvents.h">
      <Filter>Source Files\Events</Filter>
    </ClInclude>
    <ClInclude Include="src\core\components\animatedSpriteComponent.h">
      <Filter>Source Files\Components</Filter>
    </ClInclude>
    <ClInclude Include="src\core\events\animationEvents.h">
      <Filter>Source Files\Events</Filter>
    </ClInclude>
    <ClInclude Include="src\core\sceneBuilder.h">
      <Filter>Source Files\Application</Filter>
    </ClInclude>
    <ClInclude Include="src\core\components\audioComponent.h">
      <Filter>Source Files\Components</Filter>
    </ClInclude>
    <ClInclude Include="src\core\components\audioListenerComponent.h">
      <Filter>Source Files\Components</Filter>
    </ClInclude>
    <ClInclude Include="src\core\debug.h">
      <Filter>Source Files\Debug</Filter>
    </ClInclude>
    <ClInclude Include="src\core\components\followComponent.h">
      <Filter>Source Files\Components</Filter>
    </ClInclude>
    <ClInclude Include="src\core\scenes\scene.h">
      <Filter>Source Files\Scenes</Filter>
    </ClInclude>
    <ClInclude Include="src\core\scenes\sceneManager.h">
      <Filter>Source Files\Scenes</Filter>
    </ClInclude>
  </ItemGroup>
</Project>